// !$*UTF8*$!
{
	archiveVersion = 1;
	classes = {
	};
	objectVersion = 50;
	objects = {

/* Begin PBXBuildFile section */
		76BA33A52548288B00C71C42 /* AppDelegate.m in Sources */ = {isa = PBXBuildFile; fileRef = 76BA33A42548288B00C71C42 /* AppDelegate.m */; };
		76BA33A82548288B00C71C42 /* ViewController.m in Sources */ = {isa = PBXBuildFile; fileRef = 76BA33A72548288B00C71C42 /* ViewController.m */; };
		76BA33AB2548288B00C71C42 /* Main.storyboard in Resources */ = {isa = PBXBuildFile; fileRef = 76BA33A92548288B00C71C42 /* Main.storyboard */; };
		76BA33AD2548288C00C71C42 /* Assets.xcassets in Resources */ = {isa = PBXBuildFile; fileRef = 76BA33AC2548288C00C71C42 /* Assets.xcassets */; };
		76BA33B02548288D00C71C42 /* LaunchScreen.storyboard in Resources */ = {isa = PBXBuildFile; fileRef = 76BA33AE2548288D00C71C42 /* LaunchScreen.storyboard */; };
		76BA33B32548288D00C71C42 /* main.m in Sources */ = {isa = PBXBuildFile; fileRef = 76BA33B22548288D00C71C42 /* main.m */; };
		76BA33BC254828A900C71C42 /* CGPlayer.m in Sources */ = {isa = PBXBuildFile; fileRef = 76BA33BB254828A900C71C42 /* CGPlayer.m */; };
/* End PBXBuildFile section */

/* Begin PBXFileReference section */
		76BA33A02548288B00C71C42 /* PlayerDome.app */ = {isa = PBXFileReference; explicitFileType = wrapper.application; includeInIndex = 0; path = PlayerDome.app; sourceTree = BUILT_PRODUCTS_DIR; };
		76BA33A32548288B00C71C42 /* AppDelegate.h */ = {isa = PBXFileReference; lastKnownFileType = sourcecode.c.h; path = AppDelegate.h; sourceTree = "<group>"; };
		76BA33A42548288B00C71C42 /* AppDelegate.m */ = {isa = PBXFileReference; lastKnownFileType = sourcecode.c.objc; path = AppDelegate.m; sourceTree = "<group>"; };
		76BA33A62548288B00C71C42 /* ViewController.h */ = {isa = PBXFileReference; lastKnownFileType = sourcecode.c.h; path = ViewController.h; sourceTree = "<group>"; };
		76BA33A72548288B00C71C42 /* ViewController.m */ = {isa = PBXFileReference; lastKnownFileType = sourcecode.c.objc; path = ViewController.m; sourceTree = "<group>"; };
		76BA33AA2548288B00C71C42 /* Base */ = {isa = PBXFileReference; lastKnownFileType = file.storyboard; name = Base; path = Base.lproj/Main.storyboard; sourceTree = "<group>"; };
		76BA33AC2548288C00C71C42 /* Assets.xcassets */ = {isa = PBXFileReference; lastKnownFileType = folder.assetcatalog; path = Assets.xcassets; sourceTree = "<group>"; };
		76BA33AF2548288D00C71C42 /* Base */ = {isa = PBXFileReference; lastKnownFileType = file.storyboard; name = Base; path = Base.lproj/LaunchScreen.storyboard; sourceTree = "<group>"; };
		76BA33B12548288D00C71C42 /* Info.plist */ = {isa = PBXFileReference; lastKnownFileType = text.plist.xml; path = Info.plist; sourceTree = "<group>"; };
		76BA33B22548288D00C71C42 /* main.m */ = {isa = PBXFileReference; lastKnownFileType = sourcecode.c.objc; path = main.m; sourceTree = "<group>"; };
		76BA33BA254828A900C71C42 /* CGPlayer.h */ = {isa = PBXFileReference; fileEncoding = 4; lastKnownFileType = sourcecode.c.h; path = CGPlayer.h; sourceTree = "<group>"; };
		76BA33BB254828A900C71C42 /* CGPlayer.m */ = {isa = PBXFileReference; fileEncoding = 4; lastKnownFileType = sourcecode.c.objc; path = CGPlayer.m; sourceTree = "<group>"; };
/* End PBXFileReference section */

/* Begin PBXFrameworksBuildPhase section */
		76BA339D2548288B00C71C42 /* Frameworks */ = {
			isa = PBXFrameworksBuildPhase;
			buildActionMask = 2147483647;
			files = (
			);
			runOnlyForDeploymentPostprocessing = 0;
		};
/* End PBXFrameworksBuildPhase section */

/* Begin PBXGroup section */
		76BA33972548288B00C71C42 = {
			isa = PBXGroup;
			children = (
				76BA33A22548288B00C71C42 /* PlayerDome */,
				76BA33A12548288B00C71C42 /* Products */,
			);
			sourceTree = "<group>";
		};
		76BA33A12548288B00C71C42 /* Products */ = {
			isa = PBXGroup;
			children = (
				76BA33A02548288B00C71C42 /* PlayerDome.app */,
			);
			name = Products;
			sourceTree = "<group>";
		};
		76BA33A22548288B00C71C42 /* PlayerDome */ = {
			isa = PBXGroup;
			children = (
				76BA33A32548288B00C71C42 /* AppDelegate.h */,
				76BA33A42548288B00C71C42 /* AppDelegate.m */,
				76BA33A62548288B00C71C42 /* ViewController.h */,
				76BA33A72548288B00C71C42 /* ViewController.m */,
				76BA33B9254828A900C71C42 /* CGPlayer */,
				76BA33A92548288B00C71C42 /* Main.storyboard */,
				76BA33AC2548288C00C71C42 /* Assets.xcassets */,
				76BA33AE2548288D00C71C42 /* LaunchScreen.storyboard */,
				76BA33B12548288D00C71C42 /* Info.plist */,
				76BA33B22548288D00C71C42 /* main.m */,
			);
			path = PlayerDome;
			sourceTree = "<group>";
		};
		76BA33B9254828A900C71C42 /* CGPlayer */ = {
			isa = PBXGroup;
			children = (
				76BA33BA254828A900C71C42 /* CGPlayer.h */,
				76BA33BB254828A900C71C42 /* CGPlayer.m */,
			);
			path = CGPlayer;
			sourceTree = "<group>";
		};
/* End PBXGroup section */

/* Begin PBXNativeTarget section */
		76BA339F2548288B00C71C42 /* PlayerDome */ = {
			isa = PBXNativeTarget;
			buildConfigurationList = 76BA33B62548288D00C71C42 /* Build configuration list for PBXNativeTarget "PlayerDome" */;
			buildPhases = (
				76BA339C2548288B00C71C42 /* Sources */,
				76BA339D2548288B00C71C42 /* Frameworks */,
				76BA339E2548288B00C71C42 /* Resources */,
			);
			buildRules = (
			);
			dependencies = (
			);
			name = PlayerDome;
			productName = PlayerDome;
			productReference = 76BA33A02548288B00C71C42 /* PlayerDome.app */;
			productType = "com.apple.product-type.application";
		};
/* End PBXNativeTarget section */

/* Begin PBXProject section */
		76BA33982548288B00C71C42 /* Project object */ = {
			isa = PBXProject;
			attributes = {
				LastUpgradeCheck = 1030;
				ORGANIZATIONNAME = suhengxian;
				TargetAttributes = {
					76BA339F2548288B00C71C42 = {
						CreatedOnToolsVersion = 10.3;
					};
				};
			};
			buildConfigurationList = 76BA339B2548288B00C71C42 /* Build configuration list for PBXProject "PlayerDome" */;
			compatibilityVersion = "Xcode 9.3";
			developmentRegion = en;
			hasScannedForEncodings = 0;
			knownRegions = (
				en,
				Base,
			);
			mainGroup = 76BA33972548288B00C71C42;
			productRefGroup = 76BA33A12548288B00C71C42 /* Products */;
			projectDirPath = "";
			projectRoot = "";
			targets = (
				76BA339F2548288B00C71C42 /* PlayerDome */,
			);
		};
/* End PBXProject section */

/* Begin PBXResourcesBuildPhase section */
		76BA339E2548288B00C71C42 /* Resources */ = {
			isa = PBXResourcesBuildPhase;
			buildActionMask = 2147483647;
			files = (
				76BA33B02548288D00C71C42 /* LaunchScreen.storyboard in Resources */,
				76BA33AD2548288C00C71C42 /* Assets.xcassets in Resources */,
				76BA33AB2548288B00C71C42 /* Main.storyboard in Resources */,
			);
			runOnlyForDeploymentPostprocessing = 0;
		};
/* End PBXResourcesBuildPhase section */

/* Begin PBXSourcesBuildPhase section */
		76BA339C2548288B00C71C42 /* Sources */ = {
			isa = PBXSourcesBuildPhase;
			buildActionMask = 2147483647;
			files = (
				76BA33BC254828A900C71C42 /* CGPlayer.m in Sources */,
				76BA33A82548288B00C71C42 /* ViewController.m in Sources */,
				76BA33B32548288D00C71C42 /* main.m in Sources */,
				76BA33A52548288B00C71C42 /* AppDelegate.m in Sources */,
			);
			runOnlyForDeploymentPostprocessing = 0;
		};
/* End PBXSourcesBuildPhase section */

/* Begin PBXVariantGroup section */
		76BA33A92548288B00C71C42 /* Main.storyboard */ = {
			isa = PBXVariantGroup;
			children = (
				76BA33AA2548288B00C71C42 /* Base */,
			);
			name = Main.storyboard;
			sourceTree = "<group>";
		};
		76BA33AE2548288D00C71C42 /* LaunchScreen.storyboard */ = {
			isa = PBXVariantGroup;
			children = (
				76BA33AF2548288D00C71C42 /* Base */,
			);
			name = LaunchScreen.storyboard;
			sourceTree = "<group>";
		};
/* End PBXVariantGroup section */

/* Begin XCBuildConfiguration section */
		76BA33B42548288D00C71C42 /* Debug */ = {
			isa = XCBuildConfiguration;
			buildSettings = {
				ALWAYS_SEARCH_USER_PATHS = NO;
				CLANG_ANALYZER_NONNULL = YES;
				CLANG_ANALYZER_NUMBER_OBJECT_CONVERSION = YES_AGGRESSIVE;
				CLANG_CXX_LANGUAGE_STANDARD = "gnu++14";
				CLANG_CXX_LIBRARY = "libc++";
				CLANG_ENABLE_MODULES = YES;
				CLANG_ENABLE_OBJC_ARC = YES;
				CLANG_ENABLE_OBJC_WEAK = YES;
				CLANG_WARN_BLOCK_CAPTURE_AUTORELEASING = YES;
				CLANG_WARN_BOOL_CONVERSION = YES;
				CLANG_WARN_COMMA = YES;
				CLANG_WARN_CONSTANT_CONVERSION = YES;
				CLANG_WARN_DEPRECATED_OBJC_IMPLEMENTATIONS = YES;
				CLANG_WARN_DIRECT_OBJC_ISA_USAGE = YES_ERROR;
				CLANG_WARN_DOCUMENTATION_COMMENTS = YES;
				CLANG_WARN_EMPTY_BODY = YES;
				CLANG_WARN_ENUM_CONVERSION = YES;
				CLANG_WARN_INFINITE_RECURSION = YES;
				CLANG_WARN_INT_CONVERSION = YES;
				CLANG_WARN_NON_LITERAL_NULL_CONVERSION = YES;
				CLANG_WARN_OBJC_IMPLICIT_RETAIN_SELF = YES;
				CLANG_WARN_OBJC_LITERAL_CONVERSION = YES;
				CLANG_WARN_OBJC_ROOT_CLASS = YES_ERROR;
				CLANG_WARN_RANGE_LOOP_ANALYSIS = YES;
				CLANG_WARN_STRICT_PROTOTYPES = YES;
				CLANG_WARN_SUSPICIOUS_MOVE = YES;
				CLANG_WARN_UNGUARDED_AVAILABILITY = YES_AGGRESSIVE;
				CLANG_WARN_UNREACHABLE_CODE = YES;
				CLANG_WARN__DUPLICATE_METHOD_MATCH = YES;
				CODE_SIGN_IDENTITY = "iPhone Developer";
				COPY_PHASE_STRIP = NO;
				DEBUG_INFORMATION_FORMAT = dwarf;
				ENABLE_STRICT_OBJC_MSGSEND = YES;
				ENABLE_TESTABILITY = YES;
				GCC_C_LANGUAGE_STANDARD = gnu11;
				GCC_DYNAMIC_NO_PIC = NO;
				GCC_NO_COMMON_BLOCKS = YES;
				GCC_OPTIMIZATION_LEVEL = 0;
				GCC_PREPROCESSOR_DEFINITIONS = (
					"DEBUG=1",
					"$(inherited)",
				);
				GCC_WARN_64_TO_32_BIT_CONVERSION = YES;
				GCC_WARN_ABOUT_RETURN_TYPE = YES_ERROR;
				GCC_WARN_UNDECLARED_SELECTOR = YES;
				GCC_WARN_UNINITIALIZED_AUTOS = YES_AGGRESSIVE;
				GCC_WARN_UNUSED_FUNCTION = YES;
				GCC_WARN_UNUSED_VARIABLE = YES;
				IPHONEOS_DEPLOYMENT_TARGET = 12.4;
				MTL_ENABLE_DEBUG_INFO = INCLUDE_SOURCE;
				MTL_FAST_MATH = YES;
				ONLY_ACTIVE_ARCH = YES;
				SDKROOT = iphoneos;
			};
			name = Debug;
		};
		76BA33B52548288D00C71C42 /* Release */ = {
			isa = XCBuildConfiguration;
			buildSettings = {
				ALWAYS_SEARCH_USER_PATHS = NO;
				CLANG_ANALYZER_NONNULL = YES;
				CLANG_ANALYZER_NUMBER_OBJECT_CONVERSION = YES_AGGRESSIVE;
				CLANG_CXX_LANGUAGE_STANDARD = "gnu++14";
				CLANG_CXX_LIBRARY = "libc++";
				CLANG_ENABLE_MODULES = YES;
				CLANG_ENABLE_OBJC_ARC = YES;
				CLANG_ENABLE_OBJC_WEAK = YES;
				CLANG_WARN_BLOCK_CAPTURE_AUTORELEASING = YES;
				CLANG_WARN_BOOL_CONVERSION = YES;
				CLANG_WARN_COMMA = YES;
				CLANG_WARN_CONSTANT_CONVERSION = YES;
				CLANG_WARN_DEPRECATED_OBJC_IMPLEMENTATIONS = YES;
				CLANG_WARN_DIRECT_OBJC_ISA_USAGE = YES_ERROR;
				CLANG_WARN_DOCUMENTATION_COMMENTS = YES;
				CLANG_WARN_EMPTY_BODY = YES;
				CLANG_WARN_ENUM_CONVERSION = YES;
				CLANG_WARN_INFINITE_RECURSION = YES;
				CLANG_WARN_INT_CONVERSION = YES;
				CLANG_WARN_NON_LITERAL_NULL_CONVERSION = YES;
				CLANG_WARN_OBJC_IMPLICIT_RETAIN_SELF = YES;
				CLANG_WARN_OBJC_LITERAL_CONVERSION = YES;
				CLANG_WARN_OBJC_ROOT_CLASS = YES_ERROR;
				CLANG_WARN_RANGE_LOOP_ANALYSIS = YES;
				CLANG_WARN_STRICT_PROTOTYPES = YES;
				CLANG_WARN_SUSPICIOUS_MOVE = YES;
				CLANG_WARN_UNGUARDED_AVAILABILITY = YES_AGGRESSIVE;
				CLANG_WARN_UNREACHABLE_CODE = YES;
				CLANG_WARN__DUPLICATE_METHOD_MATCH = YES;
				CODE_SIGN_IDENTITY = "iPhone Developer";
				COPY_PHASE_STRIP = NO;
				DEBUG_INFORMATION_FORMAT = "dwarf-with-dsym";
				ENABLE_NS_ASSERTIONS = NO;
				ENABLE_STRICT_OBJC_MSGSEND = YES;
				GCC_C_LANGUAGE_STANDARD = gnu11;
				GCC_NO_COMMON_BLOCKS = YES;
				GCC_WARN_64_TO_32_BIT_CONVERSION = YES;
				GCC_WARN_ABOUT_RETURN_TYPE = YES_ERROR;
				GCC_WARN_UNDECLARED_SELECTOR = YES;
				GCC_WARN_UNINITIALIZED_AUTOS = YES_AGGRESSIVE;
				GCC_WARN_UNUSED_FUNCTION = YES;
				GCC_WARN_UNUSED_VARIABLE = YES;
				IPHONEOS_DEPLOYMENT_TARGET = 12.4;
				MTL_ENABLE_DEBUG_INFO = NO;
				MTL_FAST_MATH = YES;
				SDKROOT = iphoneos;
				VALIDATE_PRODUCT = YES;
			};
			name = Release;
		};
		76BA33B72548288D00C71C42 /* Debug */ = {
			isa = XCBuildConfiguration;
			buildSettings = {
				ASSETCATALOG_COMPILER_APPICON_NAME = AppIcon;
				CODE_SIGN_STYLE = Automatic;
				DEVELOPMENT_TEAM = 4RTJ4EAMCP;
				INFOPLIST_FILE = PlayerDome/Info.plist;
				LD_RUNPATH_SEARCH_PATHS = (
					"$(inherited)",
					"@executable_path/Frameworks",
				);
				PRODUCT_BUNDLE_IDENTIFIER = com.hbddz.siriDemo.PlayerDome;
				PRODUCT_NAME = "$(TARGET_NAME)";
				TARGETED_DEVICE_FAMILY = "1,2";
			};
			name = Debug;
		};
		76BA33B82548288D00C71C42 /* Release */ = {
			isa = XCBuildConfiguration;
			buildSettings = {
				ASSETCATALOG_COMPILER_APPICON_NAME = AppIcon;
				CODE_SIGN_STYLE = Automatic;
				DEVELOPMENT_TEAM = 4RTJ4EAMCP;
				INFOPLIST_FILE = PlayerDome/Info.plist;
				LD_RUNPATH_SEARCH_PATHS = (
					"$(inherited)",
					"@executable_path/Frameworks",
				);
				PRODUCT_BUNDLE_IDENTIFIER = com.hbddz.siriDemo.PlayerDome;
				PRODUCT_NAME = "$(TARGET_NAME)";
				TARGETED_DEVICE_FAMILY = "1,2";
			};
			name = Release;
		};
/* End XCBuildConfiguration section */

/* Begin XCConfigurationList section */
		76BA339B2548288B00C71C42 /* Build configuration list for PBXProject "PlayerDome" */ = {
			isa = XCConfigurationList;
			buildConfigurations = (
				76BA33B42548288D00C71C42 /* Debug */,
				76BA33B52548288D00C71C42 /* Release */,
			);
			defaultConfigurationIsVisible = 0;
			defaultConfigurationName = Release;
		};
		76BA33B62548288D00C71C42 /* Build configuration list for PBXNativeTarget "PlayerDome" */ = {
			isa = XCConfigurationList;
			buildConfigurations = (
				76BA33B72548288D00C71C42 /* Debug */,
				76BA33B82548288D00C71C42 /* Release */,
			);
			defaultConfigurationIsVisible = 0;
			defaultConfigurationName = Release;
		};
/* End XCConfigurationList section */
	};
	rootObject = 76BA33982548288B00C71C42 /* Project object */;
}
